
Microsoft Visual Studio Solution File, Format Version 12.00
# Visual Studio Version 17
VisualStudioVersion = 17.4.33213.308
MinimumVisualStudioVersion = 10.0.40219.1
Project("{FAE04EC0-301F-11D3-BF4B-00C04F79EFBC}") = "stardata", "stardata\stardata.csproj", "{1C2127F7-96C9-4430-AEA7-E0498A43403E}"
EndProject
Global
	GlobalSection(SolutionConfigurationPlatforms) = preSolution
		Debug|Any CPU = Debug|Any CPU
		Release|Any CPU = Release|Any CPU
	EndGlobalSection
	GlobalSection(ProjectConfigurationPlatforms) = postSolution
		{1C2127F7-96C9-4430-AEA7-E0498A43403E}.Debug|Any CPU.ActiveCfg = Debug|Any CPU
		{1C2127F7-96C9-4430-AEA7-E0498A43403E}.Debug|Any CPU.Build.0 = Debug|Any CPU
		{1C2127F7-96C9-4430-AEA7-E0498A43403E}.Release|Any CPU.ActiveCfg = Release|Any CPU
		{1C2127F7-96C9-4430-AEA7-E0498A43403E}.Release|Any CPU.Build.0 = Release|Any CPU
	EndGlobalSection
	GlobalSection(SolutionProperties) = preSolution
		HideSolutionNode = FALSE
	EndGlobalSection
	GlobalSection(ExtensibilityGlobals) = postSolution
		SolutionGuid = {B4432249-BD62-4043-AE72-BB589447C5AC}
	EndGlobalSection
EndGlobal
